
Microsoft Visual Studio Solution File, Format Version 12.00
# Visual Studio Version 17
VisualStudioVersion = 17.5.33502.453
MinimumVisualStudioVersion = 10.0.40219.1
Project("{FAE04EC0-301F-11D3-BF4B-00C04F79EFBC}") = "Sudoku", "Sudoku.csproj", "{1AA138F1-9DA7-4810-B928-300552E99698}"
EndProject
Global
	GlobalSection(SolutionConfigurationPlatforms) = preSolution
		Debug|Any CPU = Debug|Any CPU
		Release|Any CPU = Release|Any CPU
	EndGlobalSection
	GlobalSection(ProjectConfigurationPlatforms) = postSolution
		{1AA138F1-9DA7-4810-B928-300552E99698}.Debug|Any CPU.ActiveCfg = Debug|Any CPU
		{1AA138F1-9DA7-4810-B928-300552E99698}.Debug|Any CPU.Build.0 = Debug|Any CPU
		{1AA138F1-9DA7-4810-B928-300552E99698}.Release|Any CPU.ActiveCfg = Release|Any CPU
		{1AA138F1-9DA7-4810-B928-300552E99698}.Release|Any CPU.Build.0 = Release|Any CPU
	EndGlobalSection
	GlobalSection(SolutionProperties) = preSolution
		HideSolutionNode = FALSE
	EndGlobalSection
	GlobalSection(ExtensibilityGlobals) = postSolution
		SolutionGuid = {FDA245AC-D9A4-4C51-A409-A84F904464E6}
	EndGlobalSection
EndGlobal
